// !$*UTF8*$!
{
	archiveVersion = 1;
	classes = {
	};
	objectVersion = 46;
	objects = {

/* Begin PBXBuildFile section */
		605345511D8130F6003753A3 /* main.m in Sources */ = {isa = PBXBuildFile; fileRef = 605345501D8130F6003753A3 /* main.m */; };
		605345541D8130F6003753A3 /* AppDelegate.m in Sources */ = {isa = PBXBuildFile; fileRef = 605345531D8130F6003753A3 /* AppDelegate.m */; };
		605345571D8130F6003753A3 /* ViewController.m in Sources */ = {isa = PBXBuildFile; fileRef = 605345561D8130F6003753A3 /* ViewController.m */; };
		6053455A1D8130F6003753A3 /* Main.storyboard in Resources */ = {isa = PBXBuildFile; fileRef = 605345581D8130F6003753A3 /* Main.storyboard */; };
		6053455D1D8130F6003753A3 /* Paint.xcdatamodeld in Sources */ = {isa = PBXBuildFile; fileRef = 6053455B1D8130F6003753A3 /* Paint.xcdatamodeld */; };
		6053455F1D8130F6003753A3 /* Assets.xcassets in Resources */ = {isa = PBXBuildFile; fileRef = 6053455E1D8130F6003753A3 /* Assets.xcassets */; };
		605345621D8130F6003753A3 /* LaunchScreen.storyboard in Resources */ = {isa = PBXBuildFile; fileRef = 605345601D8130F6003753A3 /* LaunchScreen.storyboard */; };
		6053456D1D8130F6003753A3 /* PaintTests.m in Sources */ = {isa = PBXBuildFile; fileRef = 6053456C1D8130F6003753A3 /* PaintTests.m */; };
		605345781D8130F6003753A3 /* PaintUITests.m in Sources */ = {isa = PBXBuildFile; fileRef = 605345771D8130F6003753A3 /* PaintUITests.m */; };
/* End PBXBuildFile section */

/* Begin PBXContainerItemProxy section */
		605345691D8130F6003753A3 /* PBXContainerItemProxy */ = {
			isa = PBXContainerItemProxy;
			containerPortal = 605345441D8130F6003753A3 /* Project object */;
			proxyType = 1;
			remoteGlobalIDString = 6053454B1D8130F6003753A3;
			remoteInfo = Paint;
		};
		605345741D8130F6003753A3 /* PBXContainerItemProxy */ = {
			isa = PBXContainerItemProxy;
			containerPortal = 605345441D8130F6003753A3 /* Project object */;
			proxyType = 1;
			remoteGlobalIDString = 6053454B1D8130F6003753A3;
			remoteInfo = Paint;
		};
/* End PBXContainerItemProxy section */

/* Begin PBXFileReference section */
		6053454C1D8130F6003753A3 /* Paint.app */ = {isa = PBXFileReference; explicitFileType = wrapper.application; includeInIndex = 0; path = Paint.app; sourceTree = BUILT_PRODUCTS_DIR; };
		605345501D8130F6003753A3 /* main.m */ = {isa = PBXFileReference; lastKnownFileType = sourcecode.c.objc; path = main.m; sourceTree = "<group>"; };
		605345521D8130F6003753A3 /* AppDelegate.h */ = {isa = PBXFileReference; lastKnownFileType = sourcecode.c.h; path = AppDelegate.h; sourceTree = "<group>"; };
		605345531D8130F6003753A3 /* AppDelegate.m */ = {isa = PBXFileReference; lastKnownFileType = sourcecode.c.objc; path = AppDelegate.m; sourceTree = "<group>"; };
		605345551D8130F6003753A3 /* ViewController.h */ = {isa = PBXFileReference; lastKnownFileType = sourcecode.c.h; path = ViewController.h; sourceTree = "<group>"; };
		605345561D8130F6003753A3 /* ViewController.m */ = {isa = PBXFileReference; lastKnownFileType = sourcecode.c.objc; path = ViewController.m; sourceTree = "<group>"; };
		605345591D8130F6003753A3 /* Base */ = {isa = PBXFileReference; lastKnownFileType = file.storyboard; name = Base; path = Base.lproj/Main.storyboard; sourceTree = "<group>"; };
		6053455C1D8130F6003753A3 /* Paint.xcdatamodel */ = {isa = PBXFileReference; lastKnownFileType = wrapper.xcdatamodel; path = Paint.xcdatamodel; sourceTree = "<group>"; };
		6053455E1D8130F6003753A3 /* Assets.xcassets */ = {isa = PBXFileReference; lastKnownFileType = folder.assetcatalog; path = Assets.xcassets; sourceTree = "<group>"; };
		605345611D8130F6003753A3 /* Base */ = {isa = PBXFileReference; lastKnownFileType = file.storyboard; name = Base; path = Base.lproj/LaunchScreen.storyboard; sourceTree = "<group>"; };
		605345631D8130F6003753A3 /* Info.plist */ = {isa = PBXFileReference; lastKnownFileType = text.plist.xml; path = Info.plist; sourceTree = "<group>"; };
		605345681D8130F6003753A3 /* PaintTests.xctest */ = {isa = PBXFileReference; explicitFileType = wrapper.cfbundle; includeInIndex = 0; path = PaintTests.xctest; sourceTree = BUILT_PRODUCTS_DIR; };
		6053456C1D8130F6003753A3 /* PaintTests.m */ = {isa = PBXFileReference; lastKnownFileType = sourcecode.c.objc; path = PaintTests.m; sourceTree = "<group>"; };
		6053456E1D8130F6003753A3 /* Info.plist */ = {isa = PBXFileReference; lastKnownFileType = text.plist.xml; path = Info.plist; sourceTree = "<group>"; };
		605345731D8130F6003753A3 /* PaintUITests.xctest */ = {isa = PBXFileReference; explicitFileType = wrapper.cfbundle; includeInIndex = 0; path = PaintUITests.xctest; sourceTree = BUILT_PRODUCTS_DIR; };
		605345771D8130F6003753A3 /* PaintUITests.m */ = {isa = PBXFileReference; lastKnownFileType = sourcecode.c.objc; path = PaintUITests.m; sourceTree = "<group>"; };
		605345791D8130F6003753A3 /* Info.plist */ = {isa = PBXFileReference; lastKnownFileType = text.plist.xml; path = Info.plist; sourceTree = "<group>"; };
/* End PBXFileReference section */

/* Begin PBXFrameworksBuildPhase section */
		605345491D8130F6003753A3 /* Frameworks */ = {
			isa = PBXFrameworksBuildPhase;
			buildActionMask = 2147483647;
			files = (
			);
			runOnlyForDeploymentPostprocessing = 0;
		};
		605345651D8130F6003753A3 /* Frameworks */ = {
			isa = PBXFrameworksBuildPhase;
			buildActionMask = 2147483647;
			files = (
			);
			runOnlyForDeploymentPostprocessing = 0;
		};
		605345701D8130F6003753A3 /* Frameworks */ = {
			isa = PBXFrameworksBuildPhase;
			buildActionMask = 2147483647;
			files = (
			);
			runOnlyForDeploymentPostprocessing = 0;
		};
/* End PBXFrameworksBuildPhase section */

/* Begin PBXGroup section */
		605345431D8130F6003753A3 = {
			isa = PBXGroup;
			children = (
				6053454E1D8130F6003753A3 /* Paint */,
				6053456B1D8130F6003753A3 /* PaintTests */,
				605345761D8130F6003753A3 /* PaintUITests */,
				6053454D1D8130F6003753A3 /* Products */,
			);
			sourceTree = "<group>";
		};
		6053454D1D8130F6003753A3 /* Products */ = {
			isa = PBXGroup;
			children = (
				6053454C1D8130F6003753A3 /* Paint.app */,
				605345681D8130F6003753A3 /* PaintTests.xctest */,
				605345731D8130F6003753A3 /* PaintUITests.xctest */,
			);
			name = Products;
			sourceTree = "<group>";
		};
		6053454E1D8130F6003753A3 /* Paint */ = {
			isa = PBXGroup;
			children = (
				605345521D8130F6003753A3 /* AppDelegate.h */,
				605345531D8130F6003753A3 /* AppDelegate.m */,
				605345551D8130F6003753A3 /* ViewController.h */,
				605345561D8130F6003753A3 /* ViewController.m */,
				605345581D8130F6003753A3 /* Main.storyboard */,
				6053455E1D8130F6003753A3 /* Assets.xcassets */,
				605345601D8130F6003753A3 /* LaunchScreen.storyboard */,
				605345631D8130F6003753A3 /* Info.plist */,
				6053455B1D8130F6003753A3 /* Paint.xcdatamodeld */,
				6053454F1D8130F6003753A3 /* Supporting Files */,
			);
			path = Paint;
			sourceTree = "<group>";
		};
		6053454F1D8130F6003753A3 /* Supporting Files */ = {
			isa = PBXGroup;
			children = (
				605345501D8130F6003753A3 /* main.m */,
			);
			name = "Supporting Files";
			sourceTree = "<group>";
		};
		6053456B1D8130F6003753A3 /* PaintTests */ = {
			isa = PBXGroup;
			children = (
				6053456C1D8130F6003753A3 /* PaintTests.m */,
				6053456E1D8130F6003753A3 /* Info.plist */,
			);
			path = PaintTests;
			sourceTree = "<group>";
		};
		605345761D8130F6003753A3 /* PaintUITests */ = {
			isa = PBXGroup;
			children = (
				605345771D8130F6003753A3 /* PaintUITests.m */,
				605345791D8130F6003753A3 /* Info.plist */,
			);
			path = PaintUITests;
			sourceTree = "<group>";
		};
/* End PBXGroup section */

/* Begin PBXNativeTarget section */
		6053454B1D8130F6003753A3 /* Paint */ = {
			isa = PBXNativeTarget;
			buildConfigurationList = 6053457C1D8130F6003753A3 /* Build configuration list for PBXNativeTarget "Paint" */;
			buildPhases = (
				605345481D8130F6003753A3 /* Sources */,
				605345491D8130F6003753A3 /* Frameworks */,
				6053454A1D8130F6003753A3 /* Resources */,
			);
			buildRules = (
			);
			dependencies = (
			);
			name = Paint;
			productName = Paint;
			productReference = 6053454C1D8130F6003753A3 /* Paint.app */;
			productType = "com.apple.product-type.application";
		};
		605345671D8130F6003753A3 /* PaintTests */ = {
			isa = PBXNativeTarget;
			buildConfigurationList = 6053457F1D8130F6003753A3 /* Build configuration list for PBXNativeTarget "PaintTests" */;
			buildPhases = (
				605345641D8130F6003753A3 /* Sources */,
				605345651D8130F6003753A3 /* Frameworks */,
				605345661D8130F6003753A3 /* Resources */,
			);
			buildRules = (
			);
			dependencies = (
				6053456A1D8130F6003753A3 /* PBXTargetDependency */,
			);
			name = PaintTests;
			productName = PaintTests;
			productReference = 605345681D8130F6003753A3 /* PaintTests.xctest */;
			productType = "com.apple.product-type.bundle.unit-test";
		};
		605345721D8130F6003753A3 /* PaintUITests */ = {
			isa = PBXNativeTarget;
			buildConfigurationList = 605345821D8130F6003753A3 /* Build configuration list for PBXNativeTarget "PaintUITests" */;
			buildPhases = (
				6053456F1D8130F6003753A3 /* Sources */,
				605345701D8130F6003753A3 /* Frameworks */,
				605345711D8130F6003753A3 /* Resources */,
			);
			buildRules = (
			);
			dependencies = (
				605345751D8130F6003753A3 /* PBXTargetDependency */,
			);
			name = PaintUITests;
			productName = PaintUITests;
			productReference = 605345731D8130F6003753A3 /* PaintUITests.xctest */;
			productType = "com.apple.product-type.bundle.ui-testing";
		};
/* End PBXNativeTarget section */

/* Begin PBXProject section */
		605345441D8130F6003753A3 /* Project object */ = {
			isa = PBXProject;
			attributes = {
				LastUpgradeCheck = 0730;
				ORGANIZATIONNAME = LLDM;
				TargetAttributes = {
					6053454B1D8130F6003753A3 = {
						CreatedOnToolsVersion = 7.3.1;
					};
					605345671D8130F6003753A3 = {
						CreatedOnToolsVersion = 7.3.1;
						TestTargetID = 6053454B1D8130F6003753A3;
					};
					605345721D8130F6003753A3 = {
						CreatedOnToolsVersion = 7.3.1;
						TestTargetID = 6053454B1D8130F6003753A3;
					};
				};
			};
			buildConfigurationList = 605345471D8130F6003753A3 /* Build configuration list for PBXProject "Paint" */;
			compatibilityVersion = "Xcode 3.2";
			developmentRegion = English;
			hasScannedForEncodings = 0;
			knownRegions = (
				en,
				Base,
			);
			mainGroup = 605345431D8130F6003753A3;
			productRefGroup = 6053454D1D8130F6003753A3 /* Products */;
			projectDirPath = "";
			projectRoot = "";
			targets = (
				6053454B1D8130F6003753A3 /* Paint */,
				605345671D8130F6003753A3 /* PaintTests */,
				605345721D8130F6003753A3 /* PaintUITests */,
			);
		};
/* End PBXProject section */

/* Begin PBXResourcesBuildPhase section */
		6053454A1D8130F6003753A3 /* Resources */ = {
			isa = PBXResourcesBuildPhase;
			buildActionMask = 2147483647;
			files = (
				605345621D8130F6003753A3 /* LaunchScreen.storyboard in Resources */,
				6053455F1D8130F6003753A3 /* Assets.xcassets in Resources */,
				6053455A1D8130F6003753A3 /* Main.storyboard in Resources */,
			);
			runOnlyForDeploymentPostprocessing = 0;
		};
		605345661D8130F6003753A3 /* Resources */ = {
			isa = PBXResourcesBuildPhase;
			buildActionMask = 2147483647;
			files = (
			);
			runOnlyForDeploymentPostprocessing = 0;
		};
		605345711D8130F6003753A3 /* Resources */ = {
			isa = PBXResourcesBuildPhase;
			buildActionMask = 2147483647;
			files = (
			);
			runOnlyForDeploymentPostprocessing = 0;
		};
/* End PBXResourcesBuildPhase section */

/* Begin PBXSourcesBuildPhase section */
		605345481D8130F6003753A3 /* Sources */ = {
			isa = PBXSourcesBuildPhase;
			buildActionMask = 2147483647;
			files = (
				605345571D8130F6003753A3 /* ViewController.m in Sources */,
				605345541D8130F6003753A3 /* AppDelegate.m in Sources */,
				6053455D1D8130F6003753A3 /* Paint.xcdatamodeld in Sources */,
				605345511D8130F6003753A3 /* main.m in Sources */,
			);
			runOnlyForDeploymentPostprocessing = 0;
		};
		605345641D8130F6003753A3 /* Sources */ = {
			isa = PBXSourcesBuildPhase;
			buildActionMask = 2147483647;
			files = (
				6053456D1D8130F6003753A3 /* PaintTests.m in Sources */,
			);
			runOnlyForDeploymentPostprocessing = 0;
		};
		6053456F1D8130F6003753A3 /* Sources */ = {
			isa = PBXSourcesBuildPhase;
			buildActionMask = 2147483647;
			files = (
				605345781D8130F6003753A3 /* PaintUITests.m in Sources */,
			);
			runOnlyForDeploymentPostprocessing = 0;
		};
/* End PBXSourcesBuildPhase section */

/* Begin PBXTargetDependency section */
		6053456A1D8130F6003753A3 /* PBXTargetDependency */ = {
			isa = PBXTargetDependency;
			target = 6053454B1D8130F6003753A3 /* Paint */;
			targetProxy = 605345691D8130F6003753A3 /* PBXContainerItemProxy */;
		};
		605345751D8130F6003753A3 /* PBXTargetDependency */ = {
			isa = PBXTargetDependency;
			target = 6053454B1D8130F6003753A3 /* Paint */;
			targetProxy = 605345741D8130F6003753A3 /* PBXContainerItemProxy */;
		};
/* End PBXTargetDependency section */

/* Begin PBXVariantGroup section */
		605345581D8130F6003753A3 /* Main.storyboard */ = {
			isa = PBXVariantGroup;
			children = (
				605345591D8130F6003753A3 /* Base */,
			);
			name = Main.storyboard;
			sourceTree = "<group>";
		};
		605345601D8130F6003753A3 /* LaunchScreen.storyboard */ = {
			isa = PBXVariantGroup;
			children = (
				605345611D8130F6003753A3 /* Base */,
			);
			name = LaunchScreen.storyboard;
			sourceTree = "<group>";
		};
/* End PBXVariantGroup section */

/* Begin XCBuildConfiguration section */
		6053457A1D8130F6003753A3 /* Debug */ = {
			isa = XCBuildConfiguration;
			buildSettings = {
				ALWAYS_SEARCH_USER_PATHS = NO;
				CLANG_ANALYZER_NONNULL = YES;
				CLANG_CXX_LANGUAGE_STANDARD = "gnu++0x";
				CLANG_CXX_LIBRARY = "libc++";
				CLANG_ENABLE_MODULES = YES;
				CLANG_ENABLE_OBJC_ARC = YES;
				CLANG_WARN_BOOL_CONVERSION = YES;
				CLANG_WARN_CONSTANT_CONVERSION = YES;
				CLANG_WARN_DIRECT_OBJC_ISA_USAGE = YES_ERROR;
				CLANG_WARN_EMPTY_BODY = YES;
				CLANG_WARN_ENUM_CONVERSION = YES;
				CLANG_WARN_INT_CONVERSION = YES;
				CLANG_WARN_OBJC_ROOT_CLASS = YES_ERROR;
				CLANG_WARN_UNREACHABLE_CODE = YES;
				CLANG_WARN__DUPLICATE_METHOD_MATCH = YES;
				"CODE_SIGN_IDENTITY[sdk=iphoneos*]" = "iPhone Developer";
				COPY_PHASE_STRIP = NO;
				DEBUG_INFORMATION_FORMAT = dwarf;
				ENABLE_STRICT_OBJC_MSGSEND = YES;
				ENABLE_TESTABILITY = YES;
				GCC_C_LANGUAGE_STANDARD = gnu99;
				GCC_DYNAMIC_NO_PIC = NO;
				GCC_NO_COMMON_BLOCKS = YES;
				GCC_OPTIMIZATION_LEVEL = 0;
				GCC_PREPROCESSOR_DEFINITIONS = (
					"DEBUG=1",
					"$(inherited)",
				);
				GCC_WARN_64_TO_32_BIT_CONVERSION = YES;
				GCC_WARN_ABOUT_RETURN_TYPE = YES_ERROR;
				GCC_WARN_UNDECLARED_SELECTOR = YES;
				GCC_WARN_UNINITIALIZED_AUTOS = YES_AGGRESSIVE;
				GCC_WARN_UNUSED_FUNCTION = YES;
				GCC_WARN_UNUSED_VARIABLE = YES;
				IPHONEOS_DEPLOYMENT_TARGET = 9.3;
				MTL_ENABLE_DEBUG_INFO = YES;
				ONLY_ACTIVE_ARCH = YES;
				SDKROOT = iphoneos;
				TARGETED_DEVICE_FAMILY = "1,2";
			};
			name = Debug;
		};
		6053457B1D8130F6003753A3 /* Release */ = {
			isa = XCBuildConfiguration;
			buildSettings = {
				ALWAYS_SEARCH_USER_PATHS = NO;
				CLANG_ANALYZER_NONNULL = YES;
				CLANG_CXX_LANGUAGE_STANDARD = "gnu++0x";
				CLANG_CXX_LIBRARY = "libc++";
				CLANG_ENABLE_MODULES = YES;
				CLANG_ENABLE_OBJC_ARC = YES;
				CLANG_WARN_BOOL_CONVERSION = YES;
				CLANG_WARN_CONSTANT_CONVERSION = YES;
				CLANG_WARN_DIRECT_OBJC_ISA_USAGE = YES_ERROR;
				CLANG_WARN_EMPTY_BODY = YES;
				CLANG_WARN_ENUM_CONVERSION = YES;
				CLANG_WARN_INT_CONVERSION = YES;
				CLANG_WARN_OBJC_ROOT_CLASS = YES_ERROR;
				CLANG_WARN_UNREACHABLE_CODE = YES;
				CLANG_WARN__DUPLICATE_METHOD_MATCH = YES;
				"CODE_SIGN_IDENTITY[sdk=iphoneos*]" = "iPhone Developer";
				COPY_PHASE_STRIP = NO;
				DEBUG_INFORMATION_FORMAT = "dwarf-with-dsym";
				ENABLE_NS_ASSERTIONS = NO;
				ENABLE_STRICT_OBJC_MSGSEND = YES;
				GCC_C_LANGUAGE_STANDARD = gnu99;
				GCC_NO_COMMON_BLOCKS = YES;
				GCC_WARN_64_TO_32_BIT_CONVERSION = YES;
				GCC_WARN_ABOUT_RETURN_TYPE = YES_ERROR;
				GCC_WARN_UNDECLARED_SELECTOR = YES;
				GCC_WARN_UNINITIALIZED_AUTOS = YES_AGGRESSIVE;
				GCC_WARN_UNUSED_FUNCTION = YES;
				GCC_WARN_UNUSED_VARIABLE = YES;
				IPHONEOS_DEPLOYMENT_TARGET = 9.3;
				MTL_ENABLE_DEBUG_INFO = NO;
				SDKROOT = iphoneos;
				TARGETED_DEVICE_FAMILY = "1,2";
				VALIDATE_PRODUCT = YES;
			};
			name = Release;
		};
		6053457D1D8130F6003753A3 /* Debug */ = {
			isa = XCBuildConfiguration;
			buildSettings = {
				ASSETCATALOG_COMPILER_APPICON_NAME = AppIcon;
				INFOPLIST_FILE = Paint/Info.plist;
				LD_RUNPATH_SEARCH_PATHS = "$(inherited) @executable_path/Frameworks";
				PRODUCT_BUNDLE_IDENTIFIER = com.launchlabs.Paint;
				PRODUCT_NAME = "$(TARGET_NAME)";
			};
			name = Debug;
		};
		6053457E1D8130F6003753A3 /* Release */ = {
			isa = XCBuildConfiguration;
			buildSettings = {
				ASSETCATALOG_COMPILER_APPICON_NAME = AppIcon;
				INFOPLIST_FILE = Paint/Info.plist;
				LD_RUNPATH_SEARCH_PATHS = "$(inherited) @executable_path/Frameworks";
				PRODUCT_BUNDLE_IDENTIFIER = com.launchlabs.Paint;
				PRODUCT_NAME = "$(TARGET_NAME)";
			};
			name = Release;
		};
		605345801D8130F6003753A3 /* Debug */ = {
			isa = XCBuildConfiguration;
			buildSettings = {
				BUNDLE_LOADER = "$(TEST_HOST)";
				INFOPLIST_FILE = PaintTests/Info.plist;
				LD_RUNPATH_SEARCH_PATHS = "$(inherited) @executable_path/Frameworks @loader_path/Frameworks";
				PRODUCT_BUNDLE_IDENTIFIER = com.launchlabs.PaintTests;
				PRODUCT_NAME = "$(TARGET_NAME)";
				TEST_HOST = "$(BUILT_PRODUCTS_DIR)/Paint.app/Paint";
			};
			name = Debug;
		};
		605345811D8130F6003753A3 /* Release */ = {
			isa = XCBuildConfiguration;
			buildSettings = {
				BUNDLE_LOADER = "$(TEST_HOST)";
				INFOPLIST_FILE = PaintTests/Info.plist;
				LD_RUNPATH_SEARCH_PATHS = "$(inherited) @executable_path/Frameworks @loader_path/Frameworks";
				PRODUCT_BUNDLE_IDENTIFIER = com.launchlabs.PaintTests;
				PRODUCT_NAME = "$(TARGET_NAME)";
				TEST_HOST = "$(BUILT_PRODUCTS_DIR)/Paint.app/Paint";
			};
			name = Release;
		};
		605345831D8130F6003753A3 /* Debug */ = {
			isa = XCBuildConfiguration;
			buildSettings = {
				INFOPLIST_FILE = PaintUITests/Info.plist;
				LD_RUNPATH_SEARCH_PATHS = "$(inherited) @executable_path/Frameworks @loader_path/Frameworks";
				PRODUCT_BUNDLE_IDENTIFIER = com.launchlabs.PaintUITests;
				PRODUCT_NAME = "$(TARGET_NAME)";
				TEST_TARGET_NAME = Paint;
			};
			name = Debug;
		};
		605345841D8130F6003753A3 /* Release */ = {
			isa = XCBuildConfiguration;
			buildSettings = {
				INFOPLIST_FILE = PaintUITests/Info.plist;
				LD_RUNPATH_SEARCH_PATHS = "$(inherited) @executable_path/Frameworks @loader_path/Frameworks";
				PRODUCT_BUNDLE_IDENTIFIER = com.launchlabs.PaintUITests;
				PRODUCT_NAME = "$(TARGET_NAME)";
				TEST_TARGET_NAME = Paint;
			};
			name = Release;
		};
/* End XCBuildConfiguration section */

/* Begin XCConfigurationList section */
		605345471D8130F6003753A3 /* Build configuration list for PBXProject "Paint" */ = {
			isa = XCConfigurationList;
			buildConfigurations = (
				6053457A1D8130F6003753A3 /* Debug */,
				6053457B1D8130F6003753A3 /* Release */,
			);
			defaultConfigurationIsVisible = 0;
			defaultConfigurationName = Release;
		};
		6053457C1D8130F6003753A3 /* Build configuration list for PBXNativeTarget "Paint" */ = {
			isa = XCConfigurationList;
			buildConfigurations = (
				6053457D1D8130F6003753A3 /* Debug */,
				6053457E1D8130F6003753A3 /* Release */,
			);
			defaultConfigurationIsVisible = 0;
		};
		6053457F1D8130F6003753A3 /* Build configuration list for PBXNativeTarget "PaintTests" */ = {
			isa = XCConfigurationList;
			buildConfigurations = (
				605345801D8130F6003753A3 /* Debug */,
				605345811D8130F6003753A3 /* Release */,
			);
			defaultConfigurationIsVisible = 0;
		};
		605345821D8130F6003753A3 /* Build configuration list for PBXNativeTarget "PaintUITests" */ = {
			isa = XCConfigurationList;
			buildConfigurations = (
				605345831D8130F6003753A3 /* Debug */,
				605345841D8130F6003753A3 /* Release */,
			);
			defaultConfigurationIsVisible = 0;
		};
/* End XCConfigurationList section */

/* Begin XCVersionGroup section */
		6053455B1D8130F6003753A3 /* Paint.xcdatamodeld */ = {
			isa = XCVersionGroup;
			children = (
				6053455C1D8130F6003753A3 /* Paint.xcdatamodel */,
			);
			currentVersion = 6053455C1D8130F6003753A3 /* Paint.xcdatamodel */;
			path = Paint.xcdatamodeld;
			sourceTree = "<group>";
			versionGroupType = wrapper.xcdatamodel;
		};
/* End XCVersionGroup section */
	};
	rootObject = 605345441D8130F6003753A3 /* Project object */;
}
