// !$*UTF8*$!
{
	archiveVersion = 1;
	classes = {
	};
	objectVersion = 46;
	objects = {

/* Begin PBXBuildFile section */
		6040ED681D89586000BCBFC3 /* undo.png in Resources */ = {isa = PBXBuildFile; fileRef = 6040ED671D89586000BCBFC3 /* undo.png */; };
		604D36971D8A635E0060C955 /* line.png in Resources */ = {isa = PBXBuildFile; fileRef = 604D36961D8A635E0060C955 /* line.png */; };
		604D36991D8A7F830060C955 /* fill.png in Resources */ = {isa = PBXBuildFile; fileRef = 604D36981D8A7F830060C955 /* fill.png */; };
		605345511D8130F6003753A3 /* main.m in Sources */ = {isa = PBXBuildFile; fileRef = 605345501D8130F6003753A3 /* main.m */; };
		605345541D8130F6003753A3 /* AppDelegate.m in Sources */ = {isa = PBXBuildFile; fileRef = 605345531D8130F6003753A3 /* AppDelegate.m */; };
		6053455D1D8130F6003753A3 /* Paint.xcdatamodeld in Sources */ = {isa = PBXBuildFile; fileRef = 6053455B1D8130F6003753A3 /* Paint.xcdatamodeld */; };
		6053455F1D8130F6003753A3 /* Assets.xcassets in Resources */ = {isa = PBXBuildFile; fileRef = 6053455E1D8130F6003753A3 /* Assets.xcassets */; };
		6053456D1D8130F6003753A3 /* PaintTests.m in Sources */ = {isa = PBXBuildFile; fileRef = 6053456C1D8130F6003753A3 /* PaintTests.m */; };
		605345781D8130F6003753A3 /* PaintUITests.m in Sources */ = {isa = PBXBuildFile; fileRef = 605345771D8130F6003753A3 /* PaintUITests.m */; };
		605345871D813342003753A3 /* BaseView.m in Sources */ = {isa = PBXBuildFile; fileRef = 605345861D813342003753A3 /* BaseView.m */; };
		6053458B1D81347C003753A3 /* PaintView.m in Sources */ = {isa = PBXBuildFile; fileRef = 6053458A1D81347C003753A3 /* PaintView.m */; };
		6053458E1D8134C8003753A3 /* BaseViewController.m in Sources */ = {isa = PBXBuildFile; fileRef = 6053458D1D8134C8003753A3 /* BaseViewController.m */; };
		605345911D8134E5003753A3 /* PaintViewController.m in Sources */ = {isa = PBXBuildFile; fileRef = 605345901D8134E5003753A3 /* PaintViewController.m */; };
		605345951D814828003753A3 /* Default-568h@2x.png in Resources */ = {isa = PBXBuildFile; fileRef = 605345941D814828003753A3 /* Default-568h@2x.png */; };
		606954C81D87A53A000D45D3 /* ToolView.m in Sources */ = {isa = PBXBuildFile; fileRef = 606954C71D87A53A000D45D3 /* ToolView.m */; };
		606954CA1D87F15C000D45D3 /* pencil.png in Resources */ = {isa = PBXBuildFile; fileRef = 606954C91D87F15C000D45D3 /* pencil.png */; };
		606954CC1D87F2B8000D45D3 /* rectangle.png in Resources */ = {isa = PBXBuildFile; fileRef = 606954CB1D87F2B8000D45D3 /* rectangle.png */; };
		606954CE1D87F2F1000D45D3 /* circle.png in Resources */ = {isa = PBXBuildFile; fileRef = 606954CD1D87F2F1000D45D3 /* circle.png */; };
		606954D11D88067F000D45D3 /* ColorPickerView.m in Sources */ = {isa = PBXBuildFile; fileRef = 606954D01D88067F000D45D3 /* ColorPickerView.m */; };
/* End PBXBuildFile section */

/* Begin PBXContainerItemProxy section */
		605345691D8130F6003753A3 /* PBXContainerItemProxy */ = {
			isa = PBXContainerItemProxy;
			containerPortal = 605345441D8130F6003753A3 /* Project object */;
			proxyType = 1;
			remoteGlobalIDString = 6053454B1D8130F6003753A3;
			remoteInfo = Paint;
		};
		605345741D8130F6003753A3 /* PBXContainerItemProxy */ = {
			isa = PBXContainerItemProxy;
			containerPortal = 605345441D8130F6003753A3 /* Project object */;
			proxyType = 1;
			remoteGlobalIDString = 6053454B1D8130F6003753A3;
			remoteInfo = Paint;
		};
/* End PBXContainerItemProxy section */

/* Begin PBXFileReference section */
		6040ED671D89586000BCBFC3 /* undo.png */ = {isa = PBXFileReference; lastKnownFileType = image.png; path = undo.png; sourceTree = "<group>"; };
		604D36961D8A635E0060C955 /* line.png */ = {isa = PBXFileReference; lastKnownFileType = image.png; path = line.png; sourceTree = "<group>"; };
		604D36981D8A7F830060C955 /* fill.png */ = {isa = PBXFileReference; lastKnownFileType = image.png; path = fill.png; sourceTree = "<group>"; };
		6053454C1D8130F6003753A3 /* Paint.app */ = {isa = PBXFileReference; explicitFileType = wrapper.application; includeInIndex = 0; path = Paint.app; sourceTree = BUILT_PRODUCTS_DIR; };
		605345501D8130F6003753A3 /* main.m */ = {isa = PBXFileReference; lastKnownFileType = sourcecode.c.objc; path = main.m; sourceTree = "<group>"; };
		605345521D8130F6003753A3 /* AppDelegate.h */ = {isa = PBXFileReference; lastKnownFileType = sourcecode.c.h; path = AppDelegate.h; sourceTree = "<group>"; };
		605345531D8130F6003753A3 /* AppDelegate.m */ = {isa = PBXFileReference; lastKnownFileType = sourcecode.c.objc; path = AppDelegate.m; sourceTree = "<group>"; };
		6053455C1D8130F6003753A3 /* Paint.xcdatamodel */ = {isa = PBXFileReference; lastKnownFileType = wrapper.xcdatamodel; path = Paint.xcdatamodel; sourceTree = "<group>"; };
		6053455E1D8130F6003753A3 /* Assets.xcassets */ = {isa = PBXFileReference; lastKnownFileType = folder.assetcatalog; path = Assets.xcassets; sourceTree = "<group>"; };
		605345631D8130F6003753A3 /* Info.plist */ = {isa = PBXFileReference; lastKnownFileType = text.plist.xml; path = Info.plist; sourceTree = "<group>"; };
		605345681D8130F6003753A3 /* PaintTests.xctest */ = {isa = PBXFileReference; explicitFileType = wrapper.cfbundle; includeInIndex = 0; path = PaintTests.xctest; sourceTree = BUILT_PRODUCTS_DIR; };
		6053456C1D8130F6003753A3 /* PaintTests.m */ = {isa = PBXFileReference; lastKnownFileType = sourcecode.c.objc; path = PaintTests.m; sourceTree = "<group>"; };
		6053456E1D8130F6003753A3 /* Info.plist */ = {isa = PBXFileReference; lastKnownFileType = text.plist.xml; path = Info.plist; sourceTree = "<group>"; };
		605345731D8130F6003753A3 /* PaintUITests.xctest */ = {isa = PBXFileReference; explicitFileType = wrapper.cfbundle; includeInIndex = 0; path = PaintUITests.xctest; sourceTree = BUILT_PRODUCTS_DIR; };
		605345771D8130F6003753A3 /* PaintUITests.m */ = {isa = PBXFileReference; lastKnownFileType = sourcecode.c.objc; path = PaintUITests.m; sourceTree = "<group>"; };
		605345791D8130F6003753A3 /* Info.plist */ = {isa = PBXFileReference; lastKnownFileType = text.plist.xml; path = Info.plist; sourceTree = "<group>"; };
		605345851D813342003753A3 /* BaseView.h */ = {isa = PBXFileReference; fileEncoding = 4; lastKnownFileType = sourcecode.c.h; path = BaseView.h; sourceTree = "<group>"; };
		605345861D813342003753A3 /* BaseView.m */ = {isa = PBXFileReference; fileEncoding = 4; lastKnownFileType = sourcecode.c.objc; path = BaseView.m; sourceTree = "<group>"; };
		605345891D81347C003753A3 /* PaintView.h */ = {isa = PBXFileReference; fileEncoding = 4; lastKnownFileType = sourcecode.c.h; path = PaintView.h; sourceTree = "<group>"; };
		6053458A1D81347C003753A3 /* PaintView.m */ = {isa = PBXFileReference; fileEncoding = 4; lastKnownFileType = sourcecode.c.objc; path = PaintView.m; sourceTree = "<group>"; };
		6053458C1D8134C8003753A3 /* BaseViewController.h */ = {isa = PBXFileReference; fileEncoding = 4; lastKnownFileType = sourcecode.c.h; path = BaseViewController.h; sourceTree = "<group>"; };
		6053458D1D8134C8003753A3 /* BaseViewController.m */ = {isa = PBXFileReference; fileEncoding = 4; lastKnownFileType = sourcecode.c.objc; path = BaseViewController.m; sourceTree = "<group>"; };
		6053458F1D8134E5003753A3 /* PaintViewController.h */ = {isa = PBXFileReference; fileEncoding = 4; lastKnownFileType = sourcecode.c.h; path = PaintViewController.h; sourceTree = SOURCE_ROOT; };
		605345901D8134E5003753A3 /* PaintViewController.m */ = {isa = PBXFileReference; fileEncoding = 4; lastKnownFileType = sourcecode.c.objc; path = PaintViewController.m; sourceTree = SOURCE_ROOT; };
		605345941D814828003753A3 /* Default-568h@2x.png */ = {isa = PBXFileReference; lastKnownFileType = image.png; path = "Default-568h@2x.png"; sourceTree = "<group>"; };
		606954C61D87A53A000D45D3 /* ToolView.h */ = {isa = PBXFileReference; fileEncoding = 4; lastKnownFileType = sourcecode.c.h; path = ToolView.h; sourceTree = "<group>"; };
		606954C71D87A53A000D45D3 /* ToolView.m */ = {isa = PBXFileReference; fileEncoding = 4; lastKnownFileType = sourcecode.c.objc; path = ToolView.m; sourceTree = "<group>"; };
		606954C91D87F15C000D45D3 /* pencil.png */ = {isa = PBXFileReference; lastKnownFileType = image.png; path = pencil.png; sourceTree = "<group>"; };
		606954CB1D87F2B8000D45D3 /* rectangle.png */ = {isa = PBXFileReference; lastKnownFileType = image.png; path = rectangle.png; sourceTree = "<group>"; };
		606954CD1D87F2F1000D45D3 /* circle.png */ = {isa = PBXFileReference; lastKnownFileType = image.png; path = circle.png; sourceTree = "<group>"; };
		606954CF1D88067F000D45D3 /* ColorPickerView.h */ = {isa = PBXFileReference; fileEncoding = 4; lastKnownFileType = sourcecode.c.h; path = ColorPickerView.h; sourceTree = "<group>"; };
		606954D01D88067F000D45D3 /* ColorPickerView.m */ = {isa = PBXFileReference; fileEncoding = 4; lastKnownFileType = sourcecode.c.objc; path = ColorPickerView.m; sourceTree = "<group>"; };
/* End PBXFileReference section */

/* Begin PBXFrameworksBuildPhase section */
		605345491D8130F6003753A3 /* Frameworks */ = {
			isa = PBXFrameworksBuildPhase;
			buildActionMask = 2147483647;
			files = (
			);
			runOnlyForDeploymentPostprocessing = 0;
		};
		605345651D8130F6003753A3 /* Frameworks */ = {
			isa = PBXFrameworksBuildPhase;
			buildActionMask = 2147483647;
			files = (
			);
			runOnlyForDeploymentPostprocessing = 0;
		};
		605345701D8130F6003753A3 /* Frameworks */ = {
			isa = PBXFrameworksBuildPhase;
			buildActionMask = 2147483647;
			files = (
			);
			runOnlyForDeploymentPostprocessing = 0;
		};
/* End PBXFrameworksBuildPhase section */

/* Begin PBXGroup section */
		605345431D8130F6003753A3 = {
			isa = PBXGroup;
			children = (
				604D36981D8A7F830060C955 /* fill.png */,
				604D36961D8A635E0060C955 /* line.png */,
				6040ED671D89586000BCBFC3 /* undo.png */,
				606954CD1D87F2F1000D45D3 /* circle.png */,
				606954CB1D87F2B8000D45D3 /* rectangle.png */,
				606954C91D87F15C000D45D3 /* pencil.png */,
				605345941D814828003753A3 /* Default-568h@2x.png */,
				6053454E1D8130F6003753A3 /* Paint */,
				6053456B1D8130F6003753A3 /* PaintTests */,
				605345761D8130F6003753A3 /* PaintUITests */,
				6053454D1D8130F6003753A3 /* Products */,
			);
			sourceTree = "<group>";
		};
		6053454D1D8130F6003753A3 /* Products */ = {
			isa = PBXGroup;
			children = (
				6053454C1D8130F6003753A3 /* Paint.app */,
				605345681D8130F6003753A3 /* PaintTests.xctest */,
				605345731D8130F6003753A3 /* PaintUITests.xctest */,
			);
			name = Products;
			sourceTree = "<group>";
		};
		6053454E1D8130F6003753A3 /* Paint */ = {
			isa = PBXGroup;
			children = (
				605345931D81350D003753A3 /* AppDelegate */,
				605345881D81334F003753A3 /* BaseView */,
				606954D41D8806B8000D45D3 /* ColorPickerView */,
				606954D31D88069C000D45D3 /* ToolView */,
				605345921D8134F8003753A3 /* PaintView */,
				6053455E1D8130F6003753A3 /* Assets.xcassets */,
				605345631D8130F6003753A3 /* Info.plist */,
				6053455B1D8130F6003753A3 /* Paint.xcdatamodeld */,
				6053454F1D8130F6003753A3 /* Supporting Files */,
			);
			path = Paint;
			sourceTree = "<group>";
		};
		6053454F1D8130F6003753A3 /* Supporting Files */ = {
			isa = PBXGroup;
			children = (
				605345501D8130F6003753A3 /* main.m */,
			);
			name = "Supporting Files";
			sourceTree = "<group>";
		};
		6053456B1D8130F6003753A3 /* PaintTests */ = {
			isa = PBXGroup;
			children = (
				6053456C1D8130F6003753A3 /* PaintTests.m */,
				6053456E1D8130F6003753A3 /* Info.plist */,
			);
			path = PaintTests;
			sourceTree = "<group>";
		};
		605345761D8130F6003753A3 /* PaintUITests */ = {
			isa = PBXGroup;
			children = (
				605345771D8130F6003753A3 /* PaintUITests.m */,
				605345791D8130F6003753A3 /* Info.plist */,
			);
			path = PaintUITests;
			sourceTree = "<group>";
		};
		605345881D81334F003753A3 /* BaseView */ = {
			isa = PBXGroup;
			children = (
				605345851D813342003753A3 /* BaseView.h */,
				605345861D813342003753A3 /* BaseView.m */,
				6053458C1D8134C8003753A3 /* BaseViewController.h */,
				6053458D1D8134C8003753A3 /* BaseViewController.m */,
			);
			name = BaseView;
			sourceTree = "<group>";
		};
		605345921D8134F8003753A3 /* PaintView */ = {
			isa = PBXGroup;
			children = (
				605345891D81347C003753A3 /* PaintView.h */,
				6053458A1D81347C003753A3 /* PaintView.m */,
				6053458F1D8134E5003753A3 /* PaintViewController.h */,
				605345901D8134E5003753A3 /* PaintViewController.m */,
			);
			name = PaintView;
			sourceTree = "<group>";
		};
		605345931D81350D003753A3 /* AppDelegate */ = {
			isa = PBXGroup;
			children = (
				605345521D8130F6003753A3 /* AppDelegate.h */,
				605345531D8130F6003753A3 /* AppDelegate.m */,
			);
			name = AppDelegate;
			sourceTree = "<group>";
		};
		606954D31D88069C000D45D3 /* ToolView */ = {
			isa = PBXGroup;
			children = (
				606954C61D87A53A000D45D3 /* ToolView.h */,
				606954C71D87A53A000D45D3 /* ToolView.m */,
			);
			name = ToolView;
			sourceTree = "<group>";
		};
		606954D41D8806B8000D45D3 /* ColorPickerView */ = {
			isa = PBXGroup;
			children = (
				606954CF1D88067F000D45D3 /* ColorPickerView.h */,
				606954D01D88067F000D45D3 /* ColorPickerView.m */,
			);
			name = ColorPickerView;
			sourceTree = "<group>";
		};
/* End PBXGroup section */

/* Begin PBXNativeTarget section */
		6053454B1D8130F6003753A3 /* Paint */ = {
			isa = PBXNativeTarget;
			buildConfigurationList = 6053457C1D8130F6003753A3 /* Build configuration list for PBXNativeTarget "Paint" */;
			buildPhases = (
				605345481D8130F6003753A3 /* Sources */,
				605345491D8130F6003753A3 /* Frameworks */,
				6053454A1D8130F6003753A3 /* Resources */,
			);
			buildRules = (
			);
			dependencies = (
			);
			name = Paint;
			productName = Paint;
			productReference = 6053454C1D8130F6003753A3 /* Paint.app */;
			productType = "com.apple.product-type.application";
		};
		605345671D8130F6003753A3 /* PaintTests */ = {
			isa = PBXNativeTarget;
			buildConfigurationList = 6053457F1D8130F6003753A3 /* Build configuration list for PBXNativeTarget "PaintTests" */;
			buildPhases = (
				605345641D8130F6003753A3 /* Sources */,
				605345651D8130F6003753A3 /* Frameworks */,
				605345661D8130F6003753A3 /* Resources */,
			);
			buildRules = (
			);
			dependencies = (
				6053456A1D8130F6003753A3 /* PBXTargetDependency */,
			);
			name = PaintTests;
			productName = PaintTests;
			productReference = 605345681D8130F6003753A3 /* PaintTests.xctest */;
			productType = "com.apple.product-type.bundle.unit-test";
		};
		605345721D8130F6003753A3 /* PaintUITests */ = {
			isa = PBXNativeTarget;
			buildConfigurationList = 605345821D8130F6003753A3 /* Build configuration list for PBXNativeTarget "PaintUITests" */;
			buildPhases = (
				6053456F1D8130F6003753A3 /* Sources */,
				605345701D8130F6003753A3 /* Frameworks */,
				605345711D8130F6003753A3 /* Resources */,
			);
			buildRules = (
			);
			dependencies = (
				605345751D8130F6003753A3 /* PBXTargetDependency */,
			);
			name = PaintUITests;
			productName = PaintUITests;
			productReference = 605345731D8130F6003753A3 /* PaintUITests.xctest */;
			productType = "com.apple.product-type.bundle.ui-testing";
		};
/* End PBXNativeTarget section */

/* Begin PBXProject section */
		605345441D8130F6003753A3 /* Project object */ = {
			isa = PBXProject;
			attributes = {
				LastUpgradeCheck = 0730;
				ORGANIZATIONNAME = LLDM;
				TargetAttributes = {
					6053454B1D8130F6003753A3 = {
						CreatedOnToolsVersion = 7.3.1;
					};
					605345671D8130F6003753A3 = {
						CreatedOnToolsVersion = 7.3.1;
						TestTargetID = 6053454B1D8130F6003753A3;
					};
					605345721D8130F6003753A3 = {
						CreatedOnToolsVersion = 7.3.1;
						TestTargetID = 6053454B1D8130F6003753A3;
					};
				};
			};
			buildConfigurationList = 605345471D8130F6003753A3 /* Build configuration list for PBXProject "Paint" */;
			compatibilityVersion = "Xcode 3.2";
			developmentRegion = English;
			hasScannedForEncodings = 0;
			knownRegions = (
				en,
				Base,
			);
			mainGroup = 605345431D8130F6003753A3;
			productRefGroup = 6053454D1D8130F6003753A3 /* Products */;
			projectDirPath = "";
			projectRoot = "";
			targets = (
				6053454B1D8130F6003753A3 /* Paint */,
				605345671D8130F6003753A3 /* PaintTests */,
				605345721D8130F6003753A3 /* PaintUITests */,
			);
		};
/* End PBXProject section */

/* Begin PBXResourcesBuildPhase section */
		6053454A1D8130F6003753A3 /* Resources */ = {
			isa = PBXResourcesBuildPhase;
			buildActionMask = 2147483647;
			files = (
				606954CA1D87F15C000D45D3 /* pencil.png in Resources */,
				604D36971D8A635E0060C955 /* line.png in Resources */,
				604D36991D8A7F830060C955 /* fill.png in Resources */,
				606954CC1D87F2B8000D45D3 /* rectangle.png in Resources */,
				606954CE1D87F2F1000D45D3 /* circle.png in Resources */,
				6053455F1D8130F6003753A3 /* Assets.xcassets in Resources */,
				605345951D814828003753A3 /* Default-568h@2x.png in Resources */,
				6040ED681D89586000BCBFC3 /* undo.png in Resources */,
			);
			runOnlyForDeploymentPostprocessing = 0;
		};
		605345661D8130F6003753A3 /* Resources */ = {
			isa = PBXResourcesBuildPhase;
			buildActionMask = 2147483647;
			files = (
			);
			runOnlyForDeploymentPostprocessing = 0;
		};
		605345711D8130F6003753A3 /* Resources */ = {
			isa = PBXResourcesBuildPhase;
			buildActionMask = 2147483647;
			files = (
			);
			runOnlyForDeploymentPostprocessing = 0;
		};
/* End PBXResourcesBuildPhase section */

/* Begin PBXSourcesBuildPhase section */
		605345481D8130F6003753A3 /* Sources */ = {
			isa = PBXSourcesBuildPhase;
			buildActionMask = 2147483647;
			files = (
				605345541D8130F6003753A3 /* AppDelegate.m in Sources */,
				6053458E1D8134C8003753A3 /* BaseViewController.m in Sources */,
				606954C81D87A53A000D45D3 /* ToolView.m in Sources */,
				605345871D813342003753A3 /* BaseView.m in Sources */,
				6053455D1D8130F6003753A3 /* Paint.xcdatamodeld in Sources */,
				6053458B1D81347C003753A3 /* PaintView.m in Sources */,
				605345911D8134E5003753A3 /* PaintViewController.m in Sources */,
				605345511D8130F6003753A3 /* main.m in Sources */,
				606954D11D88067F000D45D3 /* ColorPickerView.m in Sources */,
			);
			runOnlyForDeploymentPostprocessing = 0;
		};
		605345641D8130F6003753A3 /* Sources */ = {
			isa = PBXSourcesBuildPhase;
			buildActionMask = 2147483647;
			files = (
				6053456D1D8130F6003753A3 /* PaintTests.m in Sources */,
			);
			runOnlyForDeploymentPostprocessing = 0;
		};
		6053456F1D8130F6003753A3 /* Sources */ = {
			isa = PBXSourcesBuildPhase;
			buildActionMask = 2147483647;
			files = (
				605345781D8130F6003753A3 /* PaintUITests.m in Sources */,
			);
			runOnlyForDeploymentPostprocessing = 0;
		};
/* End PBXSourcesBuildPhase section */

/* Begin PBXTargetDependency section */
		6053456A1D8130F6003753A3 /* PBXTargetDependency */ = {
			isa = PBXTargetDependency;
			target = 6053454B1D8130F6003753A3 /* Paint */;
			targetProxy = 605345691D8130F6003753A3 /* PBXContainerItemProxy */;
		};
		605345751D8130F6003753A3 /* PBXTargetDependency */ = {
			isa = PBXTargetDependency;
			target = 6053454B1D8130F6003753A3 /* Paint */;
			targetProxy = 605345741D8130F6003753A3 /* PBXContainerItemProxy */;
		};
/* End PBXTargetDependency section */

/* Begin XCBuildConfiguration section */
		6053457A1D8130F6003753A3 /* Debug */ = {
			isa = XCBuildConfiguration;
			buildSettings = {
				ALWAYS_SEARCH_USER_PATHS = NO;
				CLANG_ANALYZER_NONNULL = YES;
				CLANG_CXX_LANGUAGE_STANDARD = "gnu++0x";
				CLANG_CXX_LIBRARY = "libc++";
				CLANG_ENABLE_MODULES = YES;
				CLANG_ENABLE_OBJC_ARC = YES;
				CLANG_WARN_BOOL_CONVERSION = YES;
				CLANG_WARN_CONSTANT_CONVERSION = YES;
				CLANG_WARN_DIRECT_OBJC_ISA_USAGE = YES_ERROR;
				CLANG_WARN_EMPTY_BODY = YES;
				CLANG_WARN_ENUM_CONVERSION = YES;
				CLANG_WARN_INT_CONVERSION = YES;
				CLANG_WARN_OBJC_ROOT_CLASS = YES_ERROR;
				CLANG_WARN_UNREACHABLE_CODE = YES;
				CLANG_WARN__DUPLICATE_METHOD_MATCH = YES;
				"CODE_SIGN_IDENTITY[sdk=iphoneos*]" = "iPhone Developer";
				COPY_PHASE_STRIP = NO;
				DEBUG_INFORMATION_FORMAT = dwarf;
				ENABLE_STRICT_OBJC_MSGSEND = YES;
				ENABLE_TESTABILITY = YES;
				GCC_C_LANGUAGE_STANDARD = gnu99;
				GCC_DYNAMIC_NO_PIC = NO;
				GCC_NO_COMMON_BLOCKS = YES;
				GCC_OPTIMIZATION_LEVEL = 0;
				GCC_PREPROCESSOR_DEFINITIONS = (
					"DEBUG=1",
					"$(inherited)",
				);
				GCC_WARN_64_TO_32_BIT_CONVERSION = YES;
				GCC_WARN_ABOUT_RETURN_TYPE = YES_ERROR;
				GCC_WARN_UNDECLARED_SELECTOR = YES;
				GCC_WARN_UNINITIALIZED_AUTOS = YES_AGGRESSIVE;
				GCC_WARN_UNUSED_FUNCTION = YES;
				GCC_WARN_UNUSED_VARIABLE = YES;
				IPHONEOS_DEPLOYMENT_TARGET = 9.3;
				MTL_ENABLE_DEBUG_INFO = YES;
				ONLY_ACTIVE_ARCH = YES;
				SDKROOT = iphoneos;
				TARGETED_DEVICE_FAMILY = "1,2";
			};
			name = Debug;
		};
		6053457B1D8130F6003753A3 /* Release */ = {
			isa = XCBuildConfiguration;
			buildSettings = {
				ALWAYS_SEARCH_USER_PATHS = NO;
				CLANG_ANALYZER_NONNULL = YES;
				CLANG_CXX_LANGUAGE_STANDARD = "gnu++0x";
				CLANG_CXX_LIBRARY = "libc++";
				CLANG_ENABLE_MODULES = YES;
				CLANG_ENABLE_OBJC_ARC = YES;
				CLANG_WARN_BOOL_CONVERSION = YES;
				CLANG_WARN_CONSTANT_CONVERSION = YES;
				CLANG_WARN_DIRECT_OBJC_ISA_USAGE = YES_ERROR;
				CLANG_WARN_EMPTY_BODY = YES;
				CLANG_WARN_ENUM_CONVERSION = YES;
				CLANG_WARN_INT_CONVERSION = YES;
				CLANG_WARN_OBJC_ROOT_CLASS = YES_ERROR;
				CLANG_WARN_UNREACHABLE_CODE = YES;
				CLANG_WARN__DUPLICATE_METHOD_MATCH = YES;
				"CODE_SIGN_IDENTITY[sdk=iphoneos*]" = "iPhone Developer";
				COPY_PHASE_STRIP = NO;
				DEBUG_INFORMATION_FORMAT = "dwarf-with-dsym";
				ENABLE_NS_ASSERTIONS = NO;
				ENABLE_STRICT_OBJC_MSGSEND = YES;
				GCC_C_LANGUAGE_STANDARD = gnu99;
				GCC_NO_COMMON_BLOCKS = YES;
				GCC_WARN_64_TO_32_BIT_CONVERSION = YES;
				GCC_WARN_ABOUT_RETURN_TYPE = YES_ERROR;
				GCC_WARN_UNDECLARED_SELECTOR = YES;
				GCC_WARN_UNINITIALIZED_AUTOS = YES_AGGRESSIVE;
				GCC_WARN_UNUSED_FUNCTION = YES;
				GCC_WARN_UNUSED_VARIABLE = YES;
				IPHONEOS_DEPLOYMENT_TARGET = 9.3;
				MTL_ENABLE_DEBUG_INFO = NO;
				SDKROOT = iphoneos;
				TARGETED_DEVICE_FAMILY = "1,2";
				VALIDATE_PRODUCT = YES;
			};
			name = Release;
		};
		6053457D1D8130F6003753A3 /* Debug */ = {
			isa = XCBuildConfiguration;
			buildSettings = {
				ASSETCATALOG_COMPILER_APPICON_NAME = AppIcon;
				CLANG_ENABLE_OBJC_ARC = YES;
				INFOPLIST_FILE = Paint/Info.plist;
				IPHONEOS_DEPLOYMENT_TARGET = 9.3;
				LD_RUNPATH_SEARCH_PATHS = "$(inherited) @executable_path/Frameworks";
				PRODUCT_BUNDLE_IDENTIFIER = com.launchlabs.Paint;
				PRODUCT_NAME = "$(TARGET_NAME)";
				TARGETED_DEVICE_FAMILY = "1,2";
			};
			name = Debug;
		};
		6053457E1D8130F6003753A3 /* Release */ = {
			isa = XCBuildConfiguration;
			buildSettings = {
				ASSETCATALOG_COMPILER_APPICON_NAME = AppIcon;
				CLANG_ENABLE_OBJC_ARC = YES;
				INFOPLIST_FILE = Paint/Info.plist;
				IPHONEOS_DEPLOYMENT_TARGET = 9.3;
				LD_RUNPATH_SEARCH_PATHS = "$(inherited) @executable_path/Frameworks";
				PRODUCT_BUNDLE_IDENTIFIER = com.launchlabs.Paint;
				PRODUCT_NAME = "$(TARGET_NAME)";
				TARGETED_DEVICE_FAMILY = "1,2";
			};
			name = Release;
		};
		605345801D8130F6003753A3 /* Debug */ = {
			isa = XCBuildConfiguration;
			buildSettings = {
				BUNDLE_LOADER = "$(TEST_HOST)";
				INFOPLIST_FILE = PaintTests/Info.plist;
				LD_RUNPATH_SEARCH_PATHS = "$(inherited) @executable_path/Frameworks @loader_path/Frameworks";
				PRODUCT_BUNDLE_IDENTIFIER = com.launchlabs.PaintTests;
				PRODUCT_NAME = "$(TARGET_NAME)";
				TEST_HOST = "$(BUILT_PRODUCTS_DIR)/Paint.app/Paint";
			};
			name = Debug;
		};
		605345811D8130F6003753A3 /* Release */ = {
			isa = XCBuildConfiguration;
			buildSettings = {
				BUNDLE_LOADER = "$(TEST_HOST)";
				INFOPLIST_FILE = PaintTests/Info.plist;
				LD_RUNPATH_SEARCH_PATHS = "$(inherited) @executable_path/Frameworks @loader_path/Frameworks";
				PRODUCT_BUNDLE_IDENTIFIER = com.launchlabs.PaintTests;
				PRODUCT_NAME = "$(TARGET_NAME)";
				TEST_HOST = "$(BUILT_PRODUCTS_DIR)/Paint.app/Paint";
			};
			name = Release;
		};
		605345831D8130F6003753A3 /* Debug */ = {
			isa = XCBuildConfiguration;
			buildSettings = {
				INFOPLIST_FILE = PaintUITests/Info.plist;
				LD_RUNPATH_SEARCH_PATHS = "$(inherited) @executable_path/Frameworks @loader_path/Frameworks";
				PRODUCT_BUNDLE_IDENTIFIER = com.launchlabs.PaintUITests;
				PRODUCT_NAME = "$(TARGET_NAME)";
				TEST_TARGET_NAME = Paint;
			};
			name = Debug;
		};
		605345841D8130F6003753A3 /* Release */ = {
			isa = XCBuildConfiguration;
			buildSettings = {
				INFOPLIST_FILE = PaintUITests/Info.plist;
				LD_RUNPATH_SEARCH_PATHS = "$(inherited) @executable_path/Frameworks @loader_path/Frameworks";
				PRODUCT_BUNDLE_IDENTIFIER = com.launchlabs.PaintUITests;
				PRODUCT_NAME = "$(TARGET_NAME)";
				TEST_TARGET_NAME = Paint;
			};
			name = Release;
		};
/* End XCBuildConfiguration section */

/* Begin XCConfigurationList section */
		605345471D8130F6003753A3 /* Build configuration list for PBXProject "Paint" */ = {
			isa = XCConfigurationList;
			buildConfigurations = (
				6053457A1D8130F6003753A3 /* Debug */,
				6053457B1D8130F6003753A3 /* Release */,
			);
			defaultConfigurationIsVisible = 0;
			defaultConfigurationName = Release;
		};
		6053457C1D8130F6003753A3 /* Build configuration list for PBXNativeTarget "Paint" */ = {
			isa = XCConfigurationList;
			buildConfigurations = (
				6053457D1D8130F6003753A3 /* Debug */,
				6053457E1D8130F6003753A3 /* Release */,
			);
			defaultConfigurationIsVisible = 0;
			defaultConfigurationName = Release;
		};
		6053457F1D8130F6003753A3 /* Build configuration list for PBXNativeTarget "PaintTests" */ = {
			isa = XCConfigurationList;
			buildConfigurations = (
				605345801D8130F6003753A3 /* Debug */,
				605345811D8130F6003753A3 /* Release */,
			);
			defaultConfigurationIsVisible = 0;
			defaultConfigurationName = Release;
		};
		605345821D8130F6003753A3 /* Build configuration list for PBXNativeTarget "PaintUITests" */ = {
			isa = XCConfigurationList;
			buildConfigurations = (
				605345831D8130F6003753A3 /* Debug */,
				605345841D8130F6003753A3 /* Release */,
			);
			defaultConfigurationIsVisible = 0;
			defaultConfigurationName = Release;
		};
/* End XCConfigurationList section */

/* Begin XCVersionGroup section */
		6053455B1D8130F6003753A3 /* Paint.xcdatamodeld */ = {
			isa = XCVersionGroup;
			children = (
				6053455C1D8130F6003753A3 /* Paint.xcdatamodel */,
			);
			currentVersion = 6053455C1D8130F6003753A3 /* Paint.xcdatamodel */;
			path = Paint.xcdatamodeld;
			sourceTree = "<group>";
			versionGroupType = wrapper.xcdatamodel;
		};
/* End XCVersionGroup section */
	};
	rootObject = 605345441D8130F6003753A3 /* Project object */;
}
